{
  "name": "the_palli_squad",
  "lockfileVersion": 3,
  "requires": true,
  "packages": {
    "": {
      "dependencies": {
        "otp-input-react": "^0.3.0"
      }
    },
    "node_modules/otp-input-react": {
      "version": "0.3.0",
      "resolved": "https://registry.npmjs.org/otp-input-react/-/otp-input-react-0.3.0.tgz",
      "integrity": "sha512-6HDgAUp+biz18cfeX8189g6sOqA5UGmTeqkREz1MI8x92N8kU/M8YtwLtl60j3pbGkMVbrm3f4n4wtXPeVpMmg=="
    }
  }
}
